
Microsoft Visual Studio Solution File, Format Version 12.00
# Visual Studio 15
VisualStudioVersion = 15.0.27428.2037
MinimumVisualStudioVersion = 10.0.40219.1
Project("{FAE04EC0-301F-11D3-BF4B-00C04F79EFBC}") = "Tintoreria", "Tintoreria\Tintoreria.csproj", "{3F2A63F7-E1FB-4F71-B90C-C2AC6FC0CDF8}"
EndProject
Global
	GlobalSection(SolutionConfigurationPlatforms) = preSolution
		Debug|Any CPU = Debug|Any CPU
		Release|Any CPU = Release|Any CPU
	EndGlobalSection
	GlobalSection(ProjectConfigurationPlatforms) = postSolution
		{3F2A63F7-E1FB-4F71-B90C-C2AC6FC0CDF8}.Debug|Any CPU.ActiveCfg = Debug|Any CPU
		{3F2A63F7-E1FB-4F71-B90C-C2AC6FC0CDF8}.Debug|Any CPU.Build.0 = Debug|Any CPU
		{3F2A63F7-E1FB-4F71-B90C-C2AC6FC0CDF8}.Release|Any CPU.ActiveCfg = Release|Any CPU
		{3F2A63F7-E1FB-4F71-B90C-C2AC6FC0CDF8}.Release|Any CPU.Build.0 = Release|Any CPU
	EndGlobalSection
	GlobalSection(SolutionProperties) = preSolution
		HideSolutionNode = FALSE
	EndGlobalSection
	GlobalSection(ExtensibilityGlobals) = postSolution
		SolutionGuid = {1FCB1B08-D3A5-4906-8F5D-A58FD77DBBF9}
	EndGlobalSection
EndGlobal
